// !$*UTF8*$!
{
	archiveVersion = 1;
	classes = {
	};
	objectVersion = 56;
	objects = {

/* Begin PBXBuildFile section */
		AA3D6785295057390092E2D6 /* TaskManagementCoreDataApp.swift in Sources */ = {isa = PBXBuildFile; fileRef = AA3D6784295057390092E2D6 /* TaskManagementCoreDataApp.swift */; };
		AA3D6787295057390092E2D6 /* ContentView.swift in Sources */ = {isa = PBXBuildFile; fileRef = AA3D6786295057390092E2D6 /* ContentView.swift */; };
		AA3D67892950573C0092E2D6 /* Assets.xcassets in Resources */ = {isa = PBXBuildFile; fileRef = AA3D67882950573C0092E2D6 /* Assets.xcassets */; };
		AA3D678C2950573C0092E2D6 /* Preview Assets.xcassets in Resources */ = {isa = PBXBuildFile; fileRef = AA3D678B2950573C0092E2D6 /* Preview Assets.xcassets */; };
		AA3D678E2950573C0092E2D6 /* Persistence.swift in Sources */ = {isa = PBXBuildFile; fileRef = AA3D678D2950573C0092E2D6 /* Persistence.swift */; };
		AA3D67912950573C0092E2D6 /* TaskManagementCoreData.xcdatamodeld in Sources */ = {isa = PBXBuildFile; fileRef = AA3D678F2950573C0092E2D6 /* TaskManagementCoreData.xcdatamodeld */; };
/* End PBXBuildFile section */

/* Begin PBXFileReference section */
		AA3D6781295057390092E2D6 /* TaskManagementCoreData.app */ = {isa = PBXFileReference; explicitFileType = wrapper.application; includeInIndex = 0; path = TaskManagementCoreData.app; sourceTree = BUILT_PRODUCTS_DIR; };
		AA3D6784295057390092E2D6 /* TaskManagementCoreDataApp.swift */ = {isa = PBXFileReference; lastKnownFileType = sourcecode.swift; path = TaskManagementCoreDataApp.swift; sourceTree = "<group>"; };
		AA3D6786295057390092E2D6 /* ContentView.swift */ = {isa = PBXFileReference; lastKnownFileType = sourcecode.swift; path = ContentView.swift; sourceTree = "<group>"; };
		AA3D67882950573C0092E2D6 /* Assets.xcassets */ = {isa = PBXFileReference; lastKnownFileType = folder.assetcatalog; path = Assets.xcassets; sourceTree = "<group>"; };
		AA3D678B2950573C0092E2D6 /* Preview Assets.xcassets */ = {isa = PBXFileReference; lastKnownFileType = folder.assetcatalog; path = "Preview Assets.xcassets"; sourceTree = "<group>"; };
		AA3D678D2950573C0092E2D6 /* Persistence.swift */ = {isa = PBXFileReference; lastKnownFileType = sourcecode.swift; path = Persistence.swift; sourceTree = "<group>"; };
		AA3D67902950573C0092E2D6 /* TaskManagementCoreData.xcdatamodel */ = {isa = PBXFileReference; lastKnownFileType = wrapper.xcdatamodel; path = TaskManagementCoreData.xcdatamodel; sourceTree = "<group>"; };
/* End PBXFileReference section */

/* Begin PBXFrameworksBuildPhase section */
		AA3D677E295057390092E2D6 /* Frameworks */ = {
			isa = PBXFrameworksBuildPhase;
			buildActionMask = 2147483647;
			files = (
			);
			runOnlyForDeploymentPostprocessing = 0;
		};
/* End PBXFrameworksBuildPhase section */

/* Begin PBXGroup section */
		AA3D6778295057390092E2D6 = {
			isa = PBXGroup;
			children = (
				AA3D6783295057390092E2D6 /* TaskManagementCoreData */,
				AA3D6782295057390092E2D6 /* Products */,
			);
			sourceTree = "<group>";
		};
		AA3D6782295057390092E2D6 /* Products */ = {
			isa = PBXGroup;
			children = (
				AA3D6781295057390092E2D6 /* TaskManagementCoreData.app */,
			);
			name = Products;
			sourceTree = "<group>";
		};
		AA3D6783295057390092E2D6 /* TaskManagementCoreData */ = {
			isa = PBXGroup;
			children = (
				AA3D6784295057390092E2D6 /* TaskManagementCoreDataApp.swift */,
				AA3D6786295057390092E2D6 /* ContentView.swift */,
				AA3D67882950573C0092E2D6 /* Assets.xcassets */,
				AA3D678D2950573C0092E2D6 /* Persistence.swift */,
				AA3D678F2950573C0092E2D6 /* TaskManagementCoreData.xcdatamodeld */,
				AA3D678A2950573C0092E2D6 /* Preview Content */,
			);
			path = TaskManagementCoreData;
			sourceTree = "<group>";
		};
		AA3D678A2950573C0092E2D6 /* Preview Content */ = {
			isa = PBXGroup;
			children = (
				AA3D678B2950573C0092E2D6 /* Preview Assets.xcassets */,
			);
			path = "Preview Content";
			sourceTree = "<group>";
		};
/* End PBXGroup section */

/* Begin PBXNativeTarget section */
		AA3D6780295057390092E2D6 /* TaskManagementCoreData */ = {
			isa = PBXNativeTarget;
			buildConfigurationList = AA3D67942950573C0092E2D6 /* Build configuration list for PBXNativeTarget "TaskManagementCoreData" */;
			buildPhases = (
				AA3D677D295057390092E2D6 /* Sources */,
				AA3D677E295057390092E2D6 /* Frameworks */,
				AA3D677F295057390092E2D6 /* Resources */,
			);
			buildRules = (
			);
			dependencies = (
			);
			name = TaskManagementCoreData;
			productName = TaskManagementCoreData;
			productReference = AA3D6781295057390092E2D6 /* TaskManagementCoreData.app */;
			productType = "com.apple.product-type.application";
		};
/* End PBXNativeTarget section */

/* Begin PBXProject section */
		AA3D6779295057390092E2D6 /* Project object */ = {
			isa = PBXProject;
			attributes = {
				BuildIndependentTargetsInParallel = 1;
				LastSwiftUpdateCheck = 1420;
				LastUpgradeCheck = 1420;
				TargetAttributes = {
					AA3D6780295057390092E2D6 = {
						CreatedOnToolsVersion = 14.2;
					};
				};
			};
			buildConfigurationList = AA3D677C295057390092E2D6 /* Build configuration list for PBXProject "TaskManagementCoreData" */;
			compatibilityVersion = "Xcode 14.0";
			developmentRegion = en;
			hasScannedForEncodings = 0;
			knownRegions = (
				en,
				Base,
			);
			mainGroup = AA3D6778295057390092E2D6;
			productRefGroup = AA3D6782295057390092E2D6 /* Products */;
			projectDirPath = "";
			projectRoot = "";
			targets = (
				AA3D6780295057390092E2D6 /* TaskManagementCoreData */,
			);
		};
/* End PBXProject section */

/* Begin PBXResourcesBuildPhase section */
		AA3D677F295057390092E2D6 /* Resources */ = {
			isa = PBXResourcesBuildPhase;
			buildActionMask = 2147483647;
			files = (
				AA3D678C2950573C0092E2D6 /* Preview Assets.xcassets in Resources */,
				AA3D67892950573C0092E2D6 /* Assets.xcassets in Resources */,
			);
			runOnlyForDeploymentPostprocessing = 0;
		};
/* End PBXResourcesBuildPhase section */

/* Begin PBXSourcesBuildPhase section */
		AA3D677D295057390092E2D6 /* Sources */ = {
			isa = PBXSourcesBuildPhase;
			buildActionMask = 2147483647;
			files = (
				AA3D678E2950573C0092E2D6 /* Persistence.swift in Sources */,
				AA3D6787295057390092E2D6 /* ContentView.swift in Sources */,
				AA3D67912950573C0092E2D6 /* TaskManagementCoreData.xcdatamodeld in Sources */,
				AA3D6785295057390092E2D6 /* TaskManagementCoreDataApp.swift in Sources */,
			);
			runOnlyForDeploymentPostprocessing = 0;
		};
/* End PBXSourcesBuildPhase section */

/* Begin XCBuildConfiguration section */
		AA3D67922950573C0092E2D6 /* Debug */ = {
			isa = XCBuildConfiguration;
			buildSettings = {
				ALWAYS_SEARCH_USER_PATHS = NO;
				CLANG_ANALYZER_NONNULL = YES;
				CLANG_ANALYZER_NUMBER_OBJECT_CONVERSION = YES_AGGRESSIVE;
				CLANG_CXX_LANGUAGE_STANDARD = "gnu++20";
				CLANG_ENABLE_MODULES = YES;
				CLANG_ENABLE_OBJC_ARC = YES;
				CLANG_ENABLE_OBJC_WEAK = YES;
				CLANG_WARN_BLOCK_CAPTURE_AUTORELEASING = YES;
				CLANG_WARN_BOOL_CONVERSION = YES;
				CLANG_WARN_COMMA = YES;
				CLANG_WARN_CONSTANT_CONVERSION = YES;
				CLANG_WARN_DEPRECATED_OBJC_IMPLEMENTATIONS = YES;
				CLANG_WARN_DIRECT_OBJC_ISA_USAGE = YES_ERROR;
				CLANG_WARN_DOCUMENTATION_COMMENTS = YES;
				CLANG_WARN_EMPTY_BODY = YES;
				CLANG_WARN_ENUM_CONVERSION = YES;
				CLANG_WARN_INFINITE_RECURSION = YES;
				CLANG_WARN_INT_CONVERSION = YES;
				CLANG_WARN_NON_LITERAL_NULL_CONVERSION = YES;
				CLANG_WARN_OBJC_IMPLICIT_RETAIN_SELF = YES;
				CLANG_WARN_OBJC_LITERAL_CONVERSION = YES;
				CLANG_WARN_OBJC_ROOT_CLASS = YES_ERROR;
				CLANG_WARN_QUOTED_INCLUDE_IN_FRAMEWORK_HEADER = YES;
				CLANG_WARN_RANGE_LOOP_ANALYSIS = YES;
				CLANG_WARN_STRICT_PROTOTYPES = YES;
				CLANG_WARN_SUSPICIOUS_MOVE = YES;
				CLANG_WARN_UNGUARDED_AVAILABILITY = YES_AGGRESSIVE;
				CLANG_WARN_UNREACHABLE_CODE = YES;
				CLANG_WARN__DUPLICATE_METHOD_MATCH = YES;
				COPY_PHASE_STRIP = NO;
				DEBUG_INFORMATION_FORMAT = dwarf;
				ENABLE_STRICT_OBJC_MSGSEND = YES;
				ENABLE_TESTABILITY = YES;
				GCC_C_LANGUAGE_STANDARD = gnu11;
				GCC_DYNAMIC_NO_PIC = NO;
				GCC_NO_COMMON_BLOCKS = YES;
				GCC_OPTIMIZATION_LEVEL = 0;
				GCC_PREPROCESSOR_DEFINITIONS = (
					"DEBUG=1",
					"$(inherited)",
				);
				GCC_WARN_64_TO_32_BIT_CONVERSION = YES;
				GCC_WARN_ABOUT_RETURN_TYPE = YES_ERROR;
				GCC_WARN_UNDECLARED_SELECTOR = YES;
				GCC_WARN_UNINITIALIZED_AUTOS = YES_AGGRESSIVE;
				GCC_WARN_UNUSED_FUNCTION = YES;
				GCC_WARN_UNUSED_VARIABLE = YES;
				IPHONEOS_DEPLOYMENT_TARGET = 16.2;
				MTL_ENABLE_DEBUG_INFO = INCLUDE_SOURCE;
				MTL_FAST_MATH = YES;
				ONLY_ACTIVE_ARCH = YES;
				SDKROOT = iphoneos;
				SWIFT_ACTIVE_COMPILATION_CONDITIONS = DEBUG;
				SWIFT_OPTIMIZATION_LEVEL = "-Onone";
			};
			name = Debug;
		};
		AA3D67932950573C0092E2D6 /* Release */ = {
			isa = XCBuildConfiguration;
			buildSettings = {
				ALWAYS_SEARCH_USER_PATHS = NO;
				CLANG_ANALYZER_NONNULL = YES;
				CLANG_ANALYZER_NUMBER_OBJECT_CONVERSION = YES_AGGRESSIVE;
				CLANG_CXX_LANGUAGE_STANDARD = "gnu++20";
				CLANG_ENABLE_MODULES = YES;
				CLANG_ENABLE_OBJC_ARC = YES;
				CLANG_ENABLE_OBJC_WEAK = YES;
				CLANG_WARN_BLOCK_CAPTURE_AUTORELEASING = YES;
				CLANG_WARN_BOOL_CONVERSION = YES;
				CLANG_WARN_COMMA = YES;
				CLANG_WARN_CONSTANT_CONVERSION = YES;
				CLANG_WARN_DEPRECATED_OBJC_IMPLEMENTATIONS = YES;
				CLANG_WARN_DIRECT_OBJC_ISA_USAGE = YES_ERROR;
				CLANG_WARN_DOCUMENTATION_COMMENTS = YES;
				CLANG_WARN_EMPTY_BODY = YES;
				CLANG_WARN_ENUM_CONVERSION = YES;
				CLANG_WARN_INFINITE_RECURSION = YES;
				CLANG_WARN_INT_CONVERSION = YES;
				CLANG_WARN_NON_LITERAL_NULL_CONVERSION = YES;
				CLANG_WARN_OBJC_IMPLICIT_RETAIN_SELF = YES;
				CLANG_WARN_OBJC_LITERAL_CONVERSION = YES;
				CLANG_WARN_OBJC_ROOT_CLASS = YES_ERROR;
				CLANG_WARN_QUOTED_INCLUDE_IN_FRAMEWORK_HEADER = YES;
				CLANG_WARN_RANGE_LOOP_ANALYSIS = YES;
				CLANG_WARN_STRICT_PROTOTYPES = YES;
				CLANG_WARN_SUSPICIOUS_MOVE = YES;
				CLANG_WARN_UNGUARDED_AVAILABILITY = YES_AGGRESSIVE;
				CLANG_WARN_UNREACHABLE_CODE = YES;
				CLANG_WARN__DUPLICATE_METHOD_MATCH = YES;
				COPY_PHASE_STRIP = NO;
				DEBUG_INFORMATION_FORMAT = "dwarf-with-dsym";
				ENABLE_NS_ASSERTIONS = NO;
				ENABLE_STRICT_OBJC_MSGSEND = YES;
				GCC_C_LANGUAGE_STANDARD = gnu11;
				GCC_NO_COMMON_BLOCKS = YES;
				GCC_WARN_64_TO_32_BIT_CONVERSION = YES;
				GCC_WARN_ABOUT_RETURN_TYPE = YES_ERROR;
				GCC_WARN_UNDECLARED_SELECTOR = YES;
				GCC_WARN_UNINITIALIZED_AUTOS = YES_AGGRESSIVE;
				GCC_WARN_UNUSED_FUNCTION = YES;
				GCC_WARN_UNUSED_VARIABLE = YES;
				IPHONEOS_DEPLOYMENT_TARGET = 16.2;
				MTL_ENABLE_DEBUG_INFO = NO;
				MTL_FAST_MATH = YES;
				SDKROOT = iphoneos;
				SWIFT_COMPILATION_MODE = wholemodule;
				SWIFT_OPTIMIZATION_LEVEL = "-O";
				VALIDATE_PRODUCT = YES;
			};
			name = Release;
		};
		AA3D67952950573C0092E2D6 /* Debug */ = {
			isa = XCBuildConfiguration;
			buildSettings = {
				ASSETCATALOG_COMPILER_APPICON_NAME = AppIcon;
				ASSETCATALOG_COMPILER_GLOBAL_ACCENT_COLOR_NAME = AccentColor;
				CODE_SIGN_STYLE = Automatic;
				CURRENT_PROJECT_VERSION = 1;
				DEVELOPMENT_ASSET_PATHS = "\"TaskManagementCoreData/Preview Content\"";
				DEVELOPMENT_TEAM = 2UYV54B9WB;
				ENABLE_PREVIEWS = YES;
				GENERATE_INFOPLIST_FILE = YES;
				INFOPLIST_KEY_UIApplicationSceneManifest_Generation = YES;
				INFOPLIST_KEY_UIApplicationSupportsIndirectInputEvents = YES;
				INFOPLIST_KEY_UILaunchScreen_Generation = YES;
				INFOPLIST_KEY_UISupportedInterfaceOrientations_iPad = "UIInterfaceOrientationPortrait UIInterfaceOrientationPortraitUpsideDown UIInterfaceOrientationLandscapeLeft UIInterfaceOrientationLandscapeRight";
				INFOPLIST_KEY_UISupportedInterfaceOrientations_iPhone = "UIInterfaceOrientationPortrait UIInterfaceOrientationLandscapeLeft UIInterfaceOrientationLandscapeRight";
				LD_RUNPATH_SEARCH_PATHS = (
					"$(inherited)",
					"@executable_path/Frameworks",
				);
				MARKETING_VERSION = 1.0;
				PRODUCT_BUNDLE_IDENTIFIER = com.alaxhenry.TaskManagementCoreData;
				PRODUCT_NAME = "$(TARGET_NAME)";
				SWIFT_EMIT_LOC_STRINGS = YES;
				SWIFT_VERSION = 5.0;
				TARGETED_DEVICE_FAMILY = "1,2";
			};
			name = Debug;
		};
		AA3D67962950573C0092E2D6 /* Release */ = {
			isa = XCBuildConfiguration;
			buildSettings = {
				ASSETCATALOG_COMPILER_APPICON_NAME = AppIcon;
				ASSETCATALOG_COMPILER_GLOBAL_ACCENT_COLOR_NAME = AccentColor;
				CODE_SIGN_STYLE = Automatic;
				CURRENT_PROJECT_VERSION = 1;
				DEVELOPMENT_ASSET_PATHS = "\"TaskManagementCoreData/Preview Content\"";
				DEVELOPMENT_TEAM = 2UYV54B9WB;
				ENABLE_PREVIEWS = YES;
				GENERATE_INFOPLIST_FILE = YES;
				INFOPLIST_KEY_UIApplicationSceneManifest_Generation = YES;
				INFOPLIST_KEY_UIApplicationSupportsIndirectInputEvents = YES;
				INFOPLIST_KEY_UILaunchScreen_Generation = YES;
				INFOPLIST_KEY_UISupportedInterfaceOrientations_iPad = "UIInterfaceOrientationPortrait UIInterfaceOrientationPortraitUpsideDown UIInterfaceOrientationLandscapeLeft UIInterfaceOrientationLandscapeRight";
				INFOPLIST_KEY_UISupportedInterfaceOrientations_iPhone = "UIInterfaceOrientationPortrait UIInterfaceOrientationLandscapeLeft UIInterfaceOrientationLandscapeRight";
				LD_RUNPATH_SEARCH_PATHS = (
					"$(inherited)",
					"@executable_path/Frameworks",
				);
				MARKETING_VERSION = 1.0;
				PRODUCT_BUNDLE_IDENTIFIER = com.alaxhenry.TaskManagementCoreData;
				PRODUCT_NAME = "$(TARGET_NAME)";
				SWIFT_EMIT_LOC_STRINGS = YES;
				SWIFT_VERSION = 5.0;
				TARGETED_DEVICE_FAMILY = "1,2";
			};
			name = Release;
		};
/* End XCBuildConfiguration section */

/* Begin XCConfigurationList section */
		AA3D677C295057390092E2D6 /* Build configuration list for PBXProject "TaskManagementCoreData" */ = {
			isa = XCConfigurationList;
			buildConfigurations = (
				AA3D67922950573C0092E2D6 /* Debug */,
				AA3D67932950573C0092E2D6 /* Release */,
			);
			defaultConfigurationIsVisible = 0;
			defaultConfigurationName = Release;
		};
		AA3D67942950573C0092E2D6 /* Build configuration list for PBXNativeTarget "TaskManagementCoreData" */ = {
			isa = XCConfigurationList;
			buildConfigurations = (
				AA3D67952950573C0092E2D6 /* Debug */,
				AA3D67962950573C0092E2D6 /* Release */,
			);
			defaultConfigurationIsVisible = 0;
			defaultConfigurationName = Release;
		};
/* End XCConfigurationList section */

/* Begin XCVersionGroup section */
		AA3D678F2950573C0092E2D6 /* TaskManagementCoreData.xcdatamodeld */ = {
			isa = XCVersionGroup;
			children = (
				AA3D67902950573C0092E2D6 /* TaskManagementCoreData.xcdatamodel */,
			);
			currentVersion = AA3D67902950573C0092E2D6 /* TaskManagementCoreData.xcdatamodel */;
			path = TaskManagementCoreData.xcdatamodeld;
			sourceTree = "<group>";
			versionGroupType = wrapper.xcdatamodel;
		};
/* End XCVersionGroup section */
	};
	rootObject = AA3D6779295057390092E2D6 /* Project object */;
}
